github.com/brianvoe/gofakeit/v7 v7.15.0 h1:kGLYAWN8tnmxq2PelKVK6zwpM7kMxdz9SGPH31mFkNs=
github.com/brianvoe/gofakeit/v7 v7.15.0/go.mod h1:QXuPeBw164PJCzCUZVmgpgHJ3Llj49jSLVkKPMtxtxA=
github.com/google/uuid v1.6.0 h1:NIvaJDMOsjHA8n1jAhLSgzrAzy1Hgr+hNrb57e+94F0=
github.com/google/uuid v1.6.0/go.mod h1:TIyPZe4MgqvfeYDBFedMoGGpEw/LqOeaOT+nhxU+yHo=
github.com/gookit/assert v0.1.1 h1:lh3GcawXe/p+cU7ESTZ5Ui3Sm/x8JWpIis4/1aF0mY0=
github.com/gookit/assert v0.1.1/go.mod h1:jS5bmIVQZTIwk42uXl4lyj4iaaxx32tqH16CFj0VX2E=
github.com/gookit/cliui v0.2.3 h1:SIoX4PpWVS+855IBCe9L91Nq5hWRiheF3dCAVJcIeog=
github.com/gookit/cliui v0.2.3/go.mod h1:0Yc4UAvq7hUeJzrfFNcB4f2aAvbFopZ+IRu73h6yM0k=
github.com/gookit/color v1.6.1 h1:KoTnDxJPRgrL0SoX0f8rCFg2zI0t4E3GZZBMo2nN8LU=
github.com/gookit/color v1.6.1/go.mod h1:9ACFc7/1IpHGBW8RwuDm/0YEnhg3dwwXpoMsmtyHfjs=
github.com/gookit/easytpl v1.1.1 h1:3eECOaJMmbbNRmH51HiKlwm01uVWXPyFZfzH0OiptS0=
github.com/gookit/easytpl v1.1.1/go.mod h1:EO9yMzhvpHTpU4CVkKsqM6TQ3Z0bsO+PaGECKjShPWs=
github.com/gookit/filter v1.2.3 h1:Zo7cBOtsVzAoa/jtf+Ury6zlsbJXqInFdUpbbnB2vMM=
github.com/gookit/filter v1.2.3/go.mod h1:nFLJcOV8dRgS1iiX23gUQgmHUhpuS40qCvAGgIvA1pM=
github.com/gookit/gcli/v3 v3.3.1 h1:WCeXypPdGN189Ut8PfxasTIlai/cHiNWWxnfzqE7ke0=
github.com/gookit/gcli/v3 v3.3.1/go.mod h1:iXIqYis+47fDV4kMa2OIzZ/YhWtt2uAeyWckMUoKyKU=
github.com/gookit/goutil v0.7.5 h1:FXLTq+hVniw7UVMnr2i371yXqslgVpXqXszvXCJdEH8=
github.com/gookit/goutil v0.7.5/go.mod h1:vJS9HXctYTCLtCsZot5L5xF+O1oR17cDYO9R0HxBmnU=
github.com/gookit/rux/v2 v2.0.0 h1:x9PBMCKr1SuEgfLiZBTkkGvf78alsoLv7Ztk7Xp3Aug=
github.com/gookit/rux/v2 v2.0.0/go.mod h1:vHu+u+yS7hEmUrkMGsf3oLDz4iYYBUBrvg70AEVOUWA=
github.com/gookit/validate v1.5.7 h1:W0nqxAbgCJ4ND/oR+Tx8yyYn6l+PkFVvGHlG7LxpYsc=
github.com/gookit/validate v1.5.7/go.mod h1:VeThM1saXWVJIG/Yn627PJL9yvap0s4bsjPUIV8I0UI=
github.com/kylelemons/godebug v1.1.0 h1:RPNrshWIDI6G2gRW9EHilWtl7Z6Sb1BR0xunSBf0SNc=
github.com/kylelemons/godebug v1.1.0/go.mod h1:9/0rRGxNHcop5bhtWyNeEfOS8JIWk580+fNqagV/RAw=
github.com/monoculum/formam v3.5.5+incompatible h1:iPl5csfEN96G2N2mGu8V/ZB62XLf9ySTpC8KRH6qXec=
github.com/monoculum/formam v3.5.5+incompatible/go.mod h1:RKgILGEJq24YyJ2ban8EO0RUVSJlF1pGsEvoLEACr/Q=
github.com/robertkrimen/otto v0.2.1 h1:FVP0PJ0AHIjC+N4pKCG9yCDz6LHNPCwi/GKID5pGGF0=
github.com/robertkrimen/otto v0.2.1/go.mod h1:UPwtJ1Xu7JrLcZjNWN8orJaM5n5YEtqL//farB5FlRY=
github.com/titanous/json5 v1.0.0 h1:hJf8Su1d9NuI/ffpxgxQfxh/UiBFZX7bMPid0rIL/7s=
github.com/titanous/json5 v1.0.0/go.mod h1:7JH1M8/LHKc6cyP5o5g3CSaRj+mBrIimTxzpvmckH8c=
github.com/xo/terminfo v0.0.0-20220910002029-abceb7e1c41e h1:JVG44RsyaB9T2KIHavMF/ppJZNG9ZpyihvCd0w101no=
github.com/xo/terminfo v0.0.0-20220910002029-abceb7e1c41e/go.mod h1:RbqR21r5mrJuqunuUZ/Dhy/avygyECGrLceyNeo4LiM=
golang.org/x/exp v0.0.0-20220909182711-5c715a9e8561 h1:MDc5xs78ZrZr3HMQugiXOAkSZtfTpbJLDr/lwfgO53E=
golang.org/x/exp v0.0.0-20220909182711-5c715a9e8561/go.mod h1:cyybsKvd6eL0RnXn6p/Grxp8F5bW7iYuBgsNCOHpMYE=
golang.org/x/sync v0.20.0 h1:e0PTpb7pjO8GAtTs2dQ6jYa5BWYlMuX047Dco/pItO4=
golang.org/x/sync v0.20.0/go.mod h1:9xrNwdLfx4jkKbNva9FpL6vEN7evnE43NNNJQ2LF3+0=
golang.org/x/sys v0.30.0 h1:QjkSwP/36a20jFYWkSue1YwXzLmsV5Gfq7Eiy72C1uc=
golang.org/x/sys v0.30.0/go.mod h1:/VUhepiaJMQUp4+oa/7Zr1D23ma6VTLIYjOOTFZPUcA=
golang.org/x/term v0.29.0 h1:L6pJp37ocefwRRtYPKSWOWzOtWSxVajvz2ldH/xi3iU=
golang.org/x/term v0.29.0/go.mod h1:6bl4lRlvVuDgSf3179VpIxBF0o10JUpXWOnI7nErv7s=
golang.org/x/text v0.37.0 h1:Cqjiwd9eSg8e0QAkyCaQTNHFIIzWtidPahFWR83rTrc=
golang.org/x/text v0.37.0/go.mod h1:a5sjxXGs9hsn/AJVwuElvCAo9v8QYLzvavO5z2PiM38=
gopkg.in/sourcemap.v1 v1.0.5 h1:inv58fC9f9J3TK2Y2R1NPntXEn3/wjWHkonhIUODNTI=
gopkg.in/sourcemap.v1 v1.0.5/go.mod h1:2RlvNNSMglmRrcvhfuzp4hQHwOtjxlbjX7UPY/GXb78=
